
Microsoft Visual Studio Solution File, Format Version 12.00
# Visual Studio Version 16
VisualStudioVersion = 16.0.31729.503
MinimumVisualStudioVersion = 10.0.40219.1
Project("{FAE04EC0-301F-11D3-BF4B-00C04F79EFBC}") = "Practice", "Practice\Practice.csproj", "{BA95D1F6-0264-421A-A334-52E9215E5798}"
EndProject
Global
	GlobalSection(SolutionConfigurationPlatforms) = preSolution
		Debug|Any CPU = Debug|Any CPU
		Release|Any CPU = Release|Any CPU
	EndGlobalSection
	GlobalSection(ProjectConfigurationPlatforms) = postSolution
		{BA95D1F6-0264-421A-A334-52E9215E5798}.Debug|Any CPU.ActiveCfg = Debug|Any CPU
		{BA95D1F6-0264-421A-A334-52E9215E5798}.Debug|Any CPU.Build.0 = Debug|Any CPU
		{BA95D1F6-0264-421A-A334-52E9215E5798}.Release|Any CPU.ActiveCfg = Release|Any CPU
		{BA95D1F6-0264-421A-A334-52E9215E5798}.Release|Any CPU.Build.0 = Release|Any CPU
	EndGlobalSection
	GlobalSection(SolutionProperties) = preSolution
		HideSolutionNode = FALSE
	EndGlobalSection
	GlobalSection(ExtensibilityGlobals) = postSolution
		SolutionGuid = {B137E487-B794-4F5D-9BF2-62AA63C0B242}
	EndGlobalSection
EndGlobal
