
Microsoft Visual Studio Solution File, Format Version 12.00
# Visual Studio Version 16
VisualStudioVersion = 16.0.31702.278
MinimumVisualStudioVersion = 10.0.40219.1
Project("{FAE04EC0-301F-11D3-BF4B-00C04F79EFBC}") = "Practical_3", "Practical_3\Practical_3.csproj", "{D1BE346F-6382-4561-9436-95F08F863FF5}"
EndProject
Global
	GlobalSection(SolutionConfigurationPlatforms) = preSolution
		Debug|Any CPU = Debug|Any CPU
		Release|Any CPU = Release|Any CPU
	EndGlobalSection
	GlobalSection(ProjectConfigurationPlatforms) = postSolution
		{D1BE346F-6382-4561-9436-95F08F863FF5}.Debug|Any CPU.ActiveCfg = Debug|Any CPU
		{D1BE346F-6382-4561-9436-95F08F863FF5}.Debug|Any CPU.Build.0 = Debug|Any CPU
		{D1BE346F-6382-4561-9436-95F08F863FF5}.Release|Any CPU.ActiveCfg = Release|Any CPU
		{D1BE346F-6382-4561-9436-95F08F863FF5}.Release|Any CPU.Build.0 = Release|Any CPU
	EndGlobalSection
	GlobalSection(SolutionProperties) = preSolution
		HideSolutionNode = FALSE
	EndGlobalSection
	GlobalSection(ExtensibilityGlobals) = postSolution
		SolutionGuid = {270DBCC8-5B8C-44FD-A884-441ABFBBE44E}
	EndGlobalSection
EndGlobal
