
Microsoft Visual Studio Solution File, Format Version 12.00
# Visual Studio Version 16
VisualStudioVersion = 16.0.31702.278
MinimumVisualStudioVersion = 10.0.40219.1
Project("{FAE04EC0-301F-11D3-BF4B-00C04F79EFBC}") = "Practice_3", "Practice_3\Practice_3.csproj", "{654F1154-5137-4A15-8236-4C48C90A9F40}"
EndProject
Global
	GlobalSection(SolutionConfigurationPlatforms) = preSolution
		Debug|Any CPU = Debug|Any CPU
		Release|Any CPU = Release|Any CPU
	EndGlobalSection
	GlobalSection(ProjectConfigurationPlatforms) = postSolution
		{654F1154-5137-4A15-8236-4C48C90A9F40}.Debug|Any CPU.ActiveCfg = Debug|Any CPU
		{654F1154-5137-4A15-8236-4C48C90A9F40}.Debug|Any CPU.Build.0 = Debug|Any CPU
		{654F1154-5137-4A15-8236-4C48C90A9F40}.Release|Any CPU.ActiveCfg = Release|Any CPU
		{654F1154-5137-4A15-8236-4C48C90A9F40}.Release|Any CPU.Build.0 = Release|Any CPU
	EndGlobalSection
	GlobalSection(SolutionProperties) = preSolution
		HideSolutionNode = FALSE
	EndGlobalSection
	GlobalSection(ExtensibilityGlobals) = postSolution
		SolutionGuid = {185ABFBC-0931-4432-A2C8-2E1EF06E436E}
	EndGlobalSection
EndGlobal
