
Microsoft Visual Studio Solution File, Format Version 12.00
# Visual Studio Version 17
VisualStudioVersion = 17.0.31919.166
MinimumVisualStudioVersion = 10.0.40219.1
Project("{9A19103F-16F7-4668-BE54-9A1E7A4F7556}") = "Bingo", "Practice_1\Bingo.csproj", "{EB522891-7AD9-45A7-A8EA-2F454622B91B}"
EndProject
Project("{FAE04EC0-301F-11D3-BF4B-00C04F79EFBC}") = "Factorial", "Factorial\Factorial.csproj", "{54A7B782-12F8-40A5-8076-C8ECE762AF00}"
EndProject
Project("{FAE04EC0-301F-11D3-BF4B-00C04F79EFBC}") = "Dictionary", "Dictionary\Dictionary.csproj", "{1CF410CB-12AD-49F2-87DB-8B03A5A13D15}"
EndProject
Global
	GlobalSection(SolutionConfigurationPlatforms) = preSolution
		Debug|Any CPU = Debug|Any CPU
		Release|Any CPU = Release|Any CPU
	EndGlobalSection
	GlobalSection(ProjectConfigurationPlatforms) = postSolution
		{EB522891-7AD9-45A7-A8EA-2F454622B91B}.Debug|Any CPU.ActiveCfg = Debug|Any CPU
		{EB522891-7AD9-45A7-A8EA-2F454622B91B}.Debug|Any CPU.Build.0 = Debug|Any CPU
		{EB522891-7AD9-45A7-A8EA-2F454622B91B}.Release|Any CPU.ActiveCfg = Release|Any CPU
		{EB522891-7AD9-45A7-A8EA-2F454622B91B}.Release|Any CPU.Build.0 = Release|Any CPU
		{54A7B782-12F8-40A5-8076-C8ECE762AF00}.Debug|Any CPU.ActiveCfg = Debug|Any CPU
		{54A7B782-12F8-40A5-8076-C8ECE762AF00}.Debug|Any CPU.Build.0 = Debug|Any CPU
		{54A7B782-12F8-40A5-8076-C8ECE762AF00}.Release|Any CPU.ActiveCfg = Release|Any CPU
		{54A7B782-12F8-40A5-8076-C8ECE762AF00}.Release|Any CPU.Build.0 = Release|Any CPU
		{1CF410CB-12AD-49F2-87DB-8B03A5A13D15}.Debug|Any CPU.ActiveCfg = Debug|Any CPU
		{1CF410CB-12AD-49F2-87DB-8B03A5A13D15}.Debug|Any CPU.Build.0 = Debug|Any CPU
		{1CF410CB-12AD-49F2-87DB-8B03A5A13D15}.Release|Any CPU.ActiveCfg = Release|Any CPU
		{1CF410CB-12AD-49F2-87DB-8B03A5A13D15}.Release|Any CPU.Build.0 = Release|Any CPU
	EndGlobalSection
	GlobalSection(SolutionProperties) = preSolution
		HideSolutionNode = FALSE
	EndGlobalSection
	GlobalSection(ExtensibilityGlobals) = postSolution
		SolutionGuid = {4EE7DA36-9BA8-46A8-822E-CE52349EEE26}
	EndGlobalSection
EndGlobal
