
Microsoft Visual Studio Solution File, Format Version 12.00
# Visual Studio Version 16
VisualStudioVersion = 16.0.31702.278
MinimumVisualStudioVersion = 10.0.40219.1
Project("{FAE04EC0-301F-11D3-BF4B-00C04F79EFBC}") = "Practice_5", "Practice_5\Practice_5.csproj", "{9E9B3A77-6225-4D36-8EA4-F250D427ED2F}"
EndProject
Global
	GlobalSection(SolutionConfigurationPlatforms) = preSolution
		Debug|Any CPU = Debug|Any CPU
		Release|Any CPU = Release|Any CPU
	EndGlobalSection
	GlobalSection(ProjectConfigurationPlatforms) = postSolution
		{9E9B3A77-6225-4D36-8EA4-F250D427ED2F}.Debug|Any CPU.ActiveCfg = Debug|Any CPU
		{9E9B3A77-6225-4D36-8EA4-F250D427ED2F}.Debug|Any CPU.Build.0 = Debug|Any CPU
		{9E9B3A77-6225-4D36-8EA4-F250D427ED2F}.Release|Any CPU.ActiveCfg = Release|Any CPU
		{9E9B3A77-6225-4D36-8EA4-F250D427ED2F}.Release|Any CPU.Build.0 = Release|Any CPU
	EndGlobalSection
	GlobalSection(SolutionProperties) = preSolution
		HideSolutionNode = FALSE
	EndGlobalSection
	GlobalSection(ExtensibilityGlobals) = postSolution
		SolutionGuid = {3411E81F-1A05-48FA-90A6-40647EFB2E6D}
	EndGlobalSection
EndGlobal
