
Microsoft Visual Studio Solution File, Format Version 12.00
# Visual Studio Version 16
VisualStudioVersion = 16.0.31702.278
MinimumVisualStudioVersion = 10.0.40219.1
Project("{FAE04EC0-301F-11D3-BF4B-00C04F79EFBC}") = "Practice_7", "Practice_7\Practice_7.csproj", "{1256391F-6692-44B9-A373-5168BA554AB2}"
EndProject
Global
	GlobalSection(SolutionConfigurationPlatforms) = preSolution
		Debug|Any CPU = Debug|Any CPU
		Release|Any CPU = Release|Any CPU
	EndGlobalSection
	GlobalSection(ProjectConfigurationPlatforms) = postSolution
		{1256391F-6692-44B9-A373-5168BA554AB2}.Debug|Any CPU.ActiveCfg = Debug|Any CPU
		{1256391F-6692-44B9-A373-5168BA554AB2}.Debug|Any CPU.Build.0 = Debug|Any CPU
		{1256391F-6692-44B9-A373-5168BA554AB2}.Release|Any CPU.ActiveCfg = Release|Any CPU
		{1256391F-6692-44B9-A373-5168BA554AB2}.Release|Any CPU.Build.0 = Release|Any CPU
	EndGlobalSection
	GlobalSection(SolutionProperties) = preSolution
		HideSolutionNode = FALSE
	EndGlobalSection
	GlobalSection(ExtensibilityGlobals) = postSolution
		SolutionGuid = {753F8264-3192-4885-A777-77A90C2C997F}
	EndGlobalSection
EndGlobal
