
Microsoft Visual Studio Solution File, Format Version 12.00
# Visual Studio Version 16
VisualStudioVersion = 16.0.31729.503
MinimumVisualStudioVersion = 10.0.40219.1
Project("{FAE04EC0-301F-11D3-BF4B-00C04F79EFBC}") = "Practice_3", "Practice_3\Practice_3.csproj", "{CE1235BA-AAFB-4761-A5A7-F1B03C1829B1}"
EndProject
Global
	GlobalSection(SolutionConfigurationPlatforms) = preSolution
		Debug|Any CPU = Debug|Any CPU
		Release|Any CPU = Release|Any CPU
	EndGlobalSection
	GlobalSection(ProjectConfigurationPlatforms) = postSolution
		{CE1235BA-AAFB-4761-A5A7-F1B03C1829B1}.Debug|Any CPU.ActiveCfg = Debug|Any CPU
		{CE1235BA-AAFB-4761-A5A7-F1B03C1829B1}.Debug|Any CPU.Build.0 = Debug|Any CPU
		{CE1235BA-AAFB-4761-A5A7-F1B03C1829B1}.Release|Any CPU.ActiveCfg = Release|Any CPU
		{CE1235BA-AAFB-4761-A5A7-F1B03C1829B1}.Release|Any CPU.Build.0 = Release|Any CPU
	EndGlobalSection
	GlobalSection(SolutionProperties) = preSolution
		HideSolutionNode = FALSE
	EndGlobalSection
	GlobalSection(ExtensibilityGlobals) = postSolution
		SolutionGuid = {B9A98A75-89B8-4F7E-BE8E-4087419BAC2E}
	EndGlobalSection
EndGlobal
