
Microsoft Visual Studio Solution File, Format Version 12.00
# Visual Studio Version 17
VisualStudioVersion = 17.0.31919.166
MinimumVisualStudioVersion = 10.0.40219.1
Project("{FAE04EC0-301F-11D3-BF4B-00C04F79EFBC}") = "Exam3_Practice", "Exam3_Practice\Exam3_Practice.csproj", "{07741208-8558-4950-9484-2ABF71369444}"
EndProject
Global
	GlobalSection(SolutionConfigurationPlatforms) = preSolution
		Debug|Any CPU = Debug|Any CPU
		Release|Any CPU = Release|Any CPU
	EndGlobalSection
	GlobalSection(ProjectConfigurationPlatforms) = postSolution
		{07741208-8558-4950-9484-2ABF71369444}.Debug|Any CPU.ActiveCfg = Debug|Any CPU
		{07741208-8558-4950-9484-2ABF71369444}.Debug|Any CPU.Build.0 = Debug|Any CPU
		{07741208-8558-4950-9484-2ABF71369444}.Release|Any CPU.ActiveCfg = Release|Any CPU
		{07741208-8558-4950-9484-2ABF71369444}.Release|Any CPU.Build.0 = Release|Any CPU
	EndGlobalSection
	GlobalSection(SolutionProperties) = preSolution
		HideSolutionNode = FALSE
	EndGlobalSection
	GlobalSection(ExtensibilityGlobals) = postSolution
		SolutionGuid = {D22EFE39-C93E-4ED2-A380-F9B4B465F04B}
	EndGlobalSection
EndGlobal
